# THIS IS AN AUTOGENERATED FILE. DO NOT EDIT THIS FILE DIRECTLY.
# yarn lockfile v1


"@vuepress/plugin-back-to-top@^1.5.0":
  version "1.5.0"
  resolved "https://registry.yarnpkg.com/@vuepress/plugin-back-to-top/-/plugin-back-to-top-1.5.0.tgz#393cbc392ac7c1718cdbdbcac6375f8079a57912"
  integrity sha512-CXfZEj0LefJE0u32VsGlszL6nS7k7ba/M6eLIS2V1ZUXsDECwtSxiTp51gMGVG265/hAid35Lk0ZDvv2obQgfg==
  dependencies:
    lodash.debounce "^4.0.8"

deepmerge@^4.2.2:
  version "4.2.2"
  resolved "https://registry.yarnpkg.com/deepmerge/-/deepmerge-4.2.2.tgz#44d2ea3679b8f4d4ffba33f03d865fc1e7bf4955"
  integrity sha512-FJ3UgI4gIl+PHZm53knsuSFpE+nESMr7M4v9QcgB7S63Kj/6WqMiFQJpBBYz1Pt+66bZpP3Q7Lye0Oo9MPKEdg==

lodash.debounce@^4.0.8:
  version "4.0.8"
  resolved "https://registry.yarnpkg.com/lodash.debounce/-/lodash.debounce-4.0.8.tgz#82d79bff30a67c4005ffd5e2515300ad9ca4d7af"
  integrity sha1-gteb/zCmfEAF/9XiUVMArZyk168=

vuepress-plugin-go-top@^1.0.1:
  version "1.0.1"
  resolved "https://registry.yarnpkg.com/vuepress-plugin-go-top/-/vuepress-plugin-go-top-1.0.1.tgz#d6871552f951b2e7da03b5a477a5e5296b6d4d9a"
  integrity sha512-V4e1xdLKYMs7pwmUvvJNavZtZRmzGnFRsPqZ2IeCNrmvghxC9Ol9xb97Mi6P4cXwvYZCi4Sc5uLp7l81A7fctg==

vuepress-plugin-social-share@^0.2.1:
  version "0.2.1"
  resolved "https://registry.yarnpkg.com/vuepress-plugin-social-share/-/vuepress-plugin-social-share-0.2.1.tgz#bf8789bd426f375b373cea9b04477e46e83702bd"
  integrity sha512-/AqAmwE632wr4B7qMC62BwVBju8EvKjSJtznSJx4CbdPpOfclLDmdFbpd4hgyvMnhuywS6fLZ6M//DFgiOz9KQ==
  dependencies:
    deepmerge "^4.2.2"
